
Microsoft Visual Studio Solution File, Format Version 12.00
# Visual Studio Version 17
VisualStudioVersion = 17.1.32210.238
MinimumVisualStudioVersion = 10.0.40219.1
Project("{FAE04EC0-301F-11D3-BF4B-00C04F79EFBC}") = "RedocEndpointSample", "RedocEndpointSample\RedocEndpointSample.csproj", "{D049D88D-FCE7-428D-B94A-DF97AF8E90E5}"
EndProject
Global
	GlobalSection(SolutionConfigurationPlatforms) = preSolution
		Debug|Any CPU = Debug|Any CPU
		Release|Any CPU = Release|Any CPU
	EndGlobalSection
	GlobalSection(ProjectConfigurationPlatforms) = postSolution
		{D049D88D-FCE7-428D-B94A-DF97AF8E90E5}.Debug|Any CPU.ActiveCfg = Debug|Any CPU
		{D049D88D-FCE7-428D-B94A-DF97AF8E90E5}.Debug|Any CPU.Build.0 = Debug|Any CPU
		{D049D88D-FCE7-428D-B94A-DF97AF8E90E5}.Release|Any CPU.ActiveCfg = Release|Any CPU
		{D049D88D-FCE7-428D-B94A-DF97AF8E90E5}.Release|Any CPU.Build.0 = Release|Any CPU
	EndGlobalSection
	GlobalSection(SolutionProperties) = preSolution
		HideSolutionNode = FALSE
	EndGlobalSection
	GlobalSection(ExtensibilityGlobals) = postSolution
		SolutionGuid = {B6D94DE3-634E-442F-868F-F99D9F774BD2}
	EndGlobalSection
EndGlobal
